
Microsoft Visual Studio Solution File, Format Version 12.00
# Visual Studio 14
VisualStudioVersion = 14.0.24720.0
MinimumVisualStudioVersion = 10.0.40219.1
Project("{FAE04EC0-301F-11D3-BF4B-00C04F79EFBC}") = "mdl-electron-ts", "mdl-electron-ts\mdl-electron-ts.csproj", "{4D3AFACD-214D-48A3-8C8C-31208F6F73CA}"
EndProject
Project("{FAE04EC0-301F-11D3-BF4B-00C04F79EFBC}") = "mdl-components", "mdl-components\mdl-components.csproj", "{854973A2-0216-4566-B08F-E93ADAFF105E}"
EndProject
Project("{FAE04EC0-301F-11D3-BF4B-00C04F79EFBC}") = "ts-npm-module", "ts-npm-module\ts-npm-module.csproj", "{CC5ACF23-DBC4-46D5-9A3C-D4D6E3BE6F59}"
EndProject
Project("{FAE04EC0-301F-11D3-BF4B-00C04F79EFBC}") = "ts-npm-consume", "ts-npm-consume\ts-npm-consume.csproj", "{460CD80E-0D07-4747-A6A1-86799EA887B1}"
EndProject
Project("{FAE04EC0-301F-11D3-BF4B-00C04F79EFBC}") = "mdl-react-ts", "mdl-react-ts\mdl-react-ts.csproj", "{C8E9EE0A-1CE7-4FC9-B892-0EFCBAF994DD}"
EndProject
Global
	GlobalSection(SolutionConfigurationPlatforms) = preSolution
		Debug|Any CPU = Debug|Any CPU
		Release|Any CPU = Release|Any CPU
	EndGlobalSection
	GlobalSection(ProjectConfigurationPlatforms) = postSolution
		{4D3AFACD-214D-48A3-8C8C-31208F6F73CA}.Debug|Any CPU.ActiveCfg = Debug|Any CPU
		{4D3AFACD-214D-48A3-8C8C-31208F6F73CA}.Debug|Any CPU.Build.0 = Debug|Any CPU
		{4D3AFACD-214D-48A3-8C8C-31208F6F73CA}.Release|Any CPU.ActiveCfg = Release|Any CPU
		{4D3AFACD-214D-48A3-8C8C-31208F6F73CA}.Release|Any CPU.Build.0 = Release|Any CPU
		{854973A2-0216-4566-B08F-E93ADAFF105E}.Debug|Any CPU.ActiveCfg = Debug|Any CPU
		{854973A2-0216-4566-B08F-E93ADAFF105E}.Debug|Any CPU.Build.0 = Debug|Any CPU
		{854973A2-0216-4566-B08F-E93ADAFF105E}.Release|Any CPU.ActiveCfg = Release|Any CPU
		{854973A2-0216-4566-B08F-E93ADAFF105E}.Release|Any CPU.Build.0 = Release|Any CPU
		{CC5ACF23-DBC4-46D5-9A3C-D4D6E3BE6F59}.Debug|Any CPU.ActiveCfg = Debug|Any CPU
		{CC5ACF23-DBC4-46D5-9A3C-D4D6E3BE6F59}.Debug|Any CPU.Build.0 = Debug|Any CPU
		{CC5ACF23-DBC4-46D5-9A3C-D4D6E3BE6F59}.Release|Any CPU.ActiveCfg = Release|Any CPU
		{CC5ACF23-DBC4-46D5-9A3C-D4D6E3BE6F59}.Release|Any CPU.Build.0 = Release|Any CPU
		{460CD80E-0D07-4747-A6A1-86799EA887B1}.Debug|Any CPU.ActiveCfg = Debug|Any CPU
		{460CD80E-0D07-4747-A6A1-86799EA887B1}.Debug|Any CPU.Build.0 = Debug|Any CPU
		{460CD80E-0D07-4747-A6A1-86799EA887B1}.Release|Any CPU.ActiveCfg = Release|Any CPU
		{460CD80E-0D07-4747-A6A1-86799EA887B1}.Release|Any CPU.Build.0 = Release|Any CPU
		{C8E9EE0A-1CE7-4FC9-B892-0EFCBAF994DD}.Debug|Any CPU.ActiveCfg = Debug|Any CPU
		{C8E9EE0A-1CE7-4FC9-B892-0EFCBAF994DD}.Debug|Any CPU.Build.0 = Debug|Any CPU
		{C8E9EE0A-1CE7-4FC9-B892-0EFCBAF994DD}.Release|Any CPU.ActiveCfg = Release|Any CPU
		{C8E9EE0A-1CE7-4FC9-B892-0EFCBAF994DD}.Release|Any CPU.Build.0 = Release|Any CPU
	EndGlobalSection
	GlobalSection(SolutionProperties) = preSolution
		HideSolutionNode = FALSE
	EndGlobalSection
EndGlobal
